
Microsoft Visual Studio Solution File, Format Version 12.00
# Visual Studio Version 17
VisualStudioVersion = 17.14.36221.1
MinimumVisualStudioVersion = 10.0.40219.1
Project("{FAE04EC0-301F-11D3-BF4B-00C04F79EFBC}") = "QuizGame1WPF", "QuizGame1WPF.csproj", "{BD1091D6-030D-4D0D-8BA6-F23E80E948B9}"
EndProject
Global
	GlobalSection(SolutionConfigurationPlatforms) = preSolution
		Debug|Any CPU = Debug|Any CPU
		Release|Any CPU = Release|Any CPU
	EndGlobalSection
	GlobalSection(ProjectConfigurationPlatforms) = postSolution
		{BD1091D6-030D-4D0D-8BA6-F23E80E948B9}.Debug|Any CPU.ActiveCfg = Debug|Any CPU
		{BD1091D6-030D-4D0D-8BA6-F23E80E948B9}.Debug|Any CPU.Build.0 = Debug|Any CPU
		{BD1091D6-030D-4D0D-8BA6-F23E80E948B9}.Release|Any CPU.ActiveCfg = Release|Any CPU
		{BD1091D6-030D-4D0D-8BA6-F23E80E948B9}.Release|Any CPU.Build.0 = Release|Any CPU
	EndGlobalSection
	GlobalSection(SolutionProperties) = preSolution
		HideSolutionNode = FALSE
	EndGlobalSection
	GlobalSection(ExtensibilityGlobals) = postSolution
		SolutionGuid = {BF7C77F1-E7D9-41F7-B93C-57378F3E85BE}
	EndGlobalSection
EndGlobal
